
Microsoft Visual Studio Solution File, Format Version 12.00
# Visual Studio Version 16
VisualStudioVersion = 16.0.30523.141
MinimumVisualStudioVersion = 10.0.40219.1
Project("{FAE04EC0-301F-11D3-BF4B-00C04F79EFBC}") = "csharp7test", "csharp7test\csharp7test.csproj", "{5DF71C1D-A170-4837-A416-1FD0C12A5B43}"
EndProject
Project("{9A19103F-16F7-4668-BE54-9A1E7A4F7556}") = "csharp8test", "csharp8test\csharp8test.csproj", "{0CAA08DB-3CF8-4A4A-8E0D-6BA2B7FA7BEC}"
EndProject
Project("{FAE04EC0-301F-11D3-BF4B-00C04F79EFBC}") = "csharp9test", "csharp9test\csharp9test.csproj", "{8C2B293E-437C-4D3B-9E6E-D9BADBF14DA3}"
EndProject
Global
	GlobalSection(SolutionConfigurationPlatforms) = preSolution
		Debug|Any CPU = Debug|Any CPU
		Release|Any CPU = Release|Any CPU
	EndGlobalSection
	GlobalSection(ProjectConfigurationPlatforms) = postSolution
		{5DF71C1D-A170-4837-A416-1FD0C12A5B43}.Debug|Any CPU.ActiveCfg = Debug|Any CPU
		{5DF71C1D-A170-4837-A416-1FD0C12A5B43}.Debug|Any CPU.Build.0 = Debug|Any CPU
		{5DF71C1D-A170-4837-A416-1FD0C12A5B43}.Release|Any CPU.ActiveCfg = Release|Any CPU
		{5DF71C1D-A170-4837-A416-1FD0C12A5B43}.Release|Any CPU.Build.0 = Release|Any CPU
		{0CAA08DB-3CF8-4A4A-8E0D-6BA2B7FA7BEC}.Debug|Any CPU.ActiveCfg = Debug|Any CPU
		{0CAA08DB-3CF8-4A4A-8E0D-6BA2B7FA7BEC}.Debug|Any CPU.Build.0 = Debug|Any CPU
		{0CAA08DB-3CF8-4A4A-8E0D-6BA2B7FA7BEC}.Release|Any CPU.ActiveCfg = Release|Any CPU
		{0CAA08DB-3CF8-4A4A-8E0D-6BA2B7FA7BEC}.Release|Any CPU.Build.0 = Release|Any CPU
		{8C2B293E-437C-4D3B-9E6E-D9BADBF14DA3}.Debug|Any CPU.ActiveCfg = Debug|Any CPU
		{8C2B293E-437C-4D3B-9E6E-D9BADBF14DA3}.Debug|Any CPU.Build.0 = Debug|Any CPU
		{8C2B293E-437C-4D3B-9E6E-D9BADBF14DA3}.Release|Any CPU.ActiveCfg = Release|Any CPU
		{8C2B293E-437C-4D3B-9E6E-D9BADBF14DA3}.Release|Any CPU.Build.0 = Release|Any CPU
	EndGlobalSection
	GlobalSection(SolutionProperties) = preSolution
		HideSolutionNode = FALSE
	EndGlobalSection
	GlobalSection(ExtensibilityGlobals) = postSolution
		SolutionGuid = {7C63F91B-359F-415A-8350-AAE58D950E4C}
	EndGlobalSection
EndGlobal
